{
  "name": "test-task",
  "version": "1.0.0",
  "lockfileVersion": 2,
  "requires": true,
  "packages": {
    "": {
      "name": "test-task",
      "version": "1.0.0",
      "license": "ISC",
      "dependencies": {
        "ym": "^0.1.2"
      }
    },
    "node_modules/ym": {
      "version": "0.1.2",
      "resolved": "https://registry.npmjs.org/ym/-/ym-0.1.2.tgz",
      "integrity": "sha1-2wlcP8Cx5v07M+j/uJlO1vqBqfw=",
      "engines": {
        "node": ">= 0.4.0"
      }
    }
  },
  "dependencies": {
    "ym": {
      "version": "0.1.2",
      "resolved": "https://registry.npmjs.org/ym/-/ym-0.1.2.tgz",
      "integrity": "sha1-2wlcP8Cx5v07M+j/uJlO1vqBqfw="
    }
  }
}
